
Microsoft Visual Studio Solution File, Format Version 12.00
# Visual Studio Version 17
VisualStudioVersion = 17.2.32616.157
MinimumVisualStudioVersion = 10.0.40219.1
Project("{9A19103F-16F7-4668-BE54-9A1E7A4F7556}") = "GlycoNet", "GlycoNet\GlycoNet.csproj", "{EF52B6E4-C25A-4535-A833-0A232A9B8087}"
EndProject
Global
	GlobalSection(SolutionConfigurationPlatforms) = preSolution
		Debug|Any CPU = Debug|Any CPU
		Release|Any CPU = Release|Any CPU
	EndGlobalSection
	GlobalSection(ProjectConfigurationPlatforms) = postSolution
		{EF52B6E4-C25A-4535-A833-0A232A9B8087}.Debug|Any CPU.ActiveCfg = Debug|Any CPU
		{EF52B6E4-C25A-4535-A833-0A232A9B8087}.Debug|Any CPU.Build.0 = Debug|Any CPU
		{EF52B6E4-C25A-4535-A833-0A232A9B8087}.Release|Any CPU.ActiveCfg = Release|Any CPU
		{EF52B6E4-C25A-4535-A833-0A232A9B8087}.Release|Any CPU.Build.0 = Release|Any CPU
	EndGlobalSection
	GlobalSection(SolutionProperties) = preSolution
		HideSolutionNode = FALSE
	EndGlobalSection
	GlobalSection(ExtensibilityGlobals) = postSolution
		SolutionGuid = {373D31A7-A689-4D51-8174-0682A7264508}
	EndGlobalSection
EndGlobal
